
Microsoft Visual Studio Solution File, Format Version 12.00
# Visual Studio Version 17
VisualStudioVersion = 17.12.35527.113
MinimumVisualStudioVersion = 10.0.40219.1
Project("{2150E333-8FDC-42A3-9474-1A3956D46DE8}") = "src", "src", "{95DBE3BD-313C-4229-9031-CA2431853195}"
EndProject
Project("{FAE04EC0-301F-11D3-BF4B-00C04F79EFBC}") = "BookStore.Api", "src\BookStore.Api\BookStore.Api.csproj", "{12469714-926F-4C55-BDD5-E3016502EF34}"
EndProject
Project("{FAE04EC0-301F-11D3-BF4B-00C04F79EFBC}") = "BookStore.Entities", "src\BookStore.Entities\BookStore.Entities.csproj", "{859C101F-36F5-46FC-A1C5-BFF8C8D31C0B}"
EndProject
Project("{FAE04EC0-301F-11D3-BF4B-00C04F79EFBC}") = "BookStore.Repositories", "src\BookStore.Repositories\BookStore.Repositories.csproj", "{1D9E24CD-BAB9-405D-8DBD-A9F301E1C4A4}"
EndProject
Project("{FAE04EC0-301F-11D3-BF4B-00C04F79EFBC}") = "BookStore.Persistence", "src\BookStore.Persistence\BookStore.Persistence.csproj", "{894A7398-7081-493F-BC66-CCFEE0941D5D}"
EndProject
Project("{FAE04EC0-301F-11D3-BF4B-00C04F79EFBC}") = "BookStore.Dto", "src\BookStore.Dto\BookStore.Dto.csproj", "{4B9DF005-D94E-4015-99F4-71D9A33C2584}"
EndProject
Project("{FAE04EC0-301F-11D3-BF4B-00C04F79EFBC}") = "BookStore.Services", "src\BookStore.Services\BookStore.Services.csproj", "{78E807A2-7290-4982-93A6-8EFDF9F942BB}"
EndProject
Global
	GlobalSection(SolutionConfigurationPlatforms) = preSolution
		Debug|Any CPU = Debug|Any CPU
		Release|Any CPU = Release|Any CPU
	EndGlobalSection
	GlobalSection(ProjectConfigurationPlatforms) = postSolution
		{12469714-926F-4C55-BDD5-E3016502EF34}.Debug|Any CPU.ActiveCfg = Debug|Any CPU
		{12469714-926F-4C55-BDD5-E3016502EF34}.Debug|Any CPU.Build.0 = Debug|Any CPU
		{12469714-926F-4C55-BDD5-E3016502EF34}.Release|Any CPU.ActiveCfg = Release|Any CPU
		{12469714-926F-4C55-BDD5-E3016502EF34}.Release|Any CPU.Build.0 = Release|Any CPU
		{859C101F-36F5-46FC-A1C5-BFF8C8D31C0B}.Debug|Any CPU.ActiveCfg = Debug|Any CPU
		{859C101F-36F5-46FC-A1C5-BFF8C8D31C0B}.Debug|Any CPU.Build.0 = Debug|Any CPU
		{859C101F-36F5-46FC-A1C5-BFF8C8D31C0B}.Release|Any CPU.ActiveCfg = Release|Any CPU
		{859C101F-36F5-46FC-A1C5-BFF8C8D31C0B}.Release|Any CPU.Build.0 = Release|Any CPU
		{1D9E24CD-BAB9-405D-8DBD-A9F301E1C4A4}.Debug|Any CPU.ActiveCfg = Debug|Any CPU
		{1D9E24CD-BAB9-405D-8DBD-A9F301E1C4A4}.Debug|Any CPU.Build.0 = Debug|Any CPU
		{1D9E24CD-BAB9-405D-8DBD-A9F301E1C4A4}.Release|Any CPU.ActiveCfg = Release|Any CPU
		{1D9E24CD-BAB9-405D-8DBD-A9F301E1C4A4}.Release|Any CPU.Build.0 = Release|Any CPU
		{894A7398-7081-493F-BC66-CCFEE0941D5D}.Debug|Any CPU.ActiveCfg = Debug|Any CPU
		{894A7398-7081-493F-BC66-CCFEE0941D5D}.Debug|Any CPU.Build.0 = Debug|Any CPU
		{894A7398-7081-493F-BC66-CCFEE0941D5D}.Release|Any CPU.ActiveCfg = Release|Any CPU
		{894A7398-7081-493F-BC66-CCFEE0941D5D}.Release|Any CPU.Build.0 = Release|Any CPU
		{4B9DF005-D94E-4015-99F4-71D9A33C2584}.Debug|Any CPU.ActiveCfg = Debug|Any CPU
		{4B9DF005-D94E-4015-99F4-71D9A33C2584}.Debug|Any CPU.Build.0 = Debug|Any CPU
		{4B9DF005-D94E-4015-99F4-71D9A33C2584}.Release|Any CPU.ActiveCfg = Release|Any CPU
		{4B9DF005-D94E-4015-99F4-71D9A33C2584}.Release|Any CPU.Build.0 = Release|Any CPU
		{78E807A2-7290-4982-93A6-8EFDF9F942BB}.Debug|Any CPU.ActiveCfg = Debug|Any CPU
		{78E807A2-7290-4982-93A6-8EFDF9F942BB}.Debug|Any CPU.Build.0 = Debug|Any CPU
		{78E807A2-7290-4982-93A6-8EFDF9F942BB}.Release|Any CPU.ActiveCfg = Release|Any CPU
		{78E807A2-7290-4982-93A6-8EFDF9F942BB}.Release|Any CPU.Build.0 = Release|Any CPU
	EndGlobalSection
	GlobalSection(SolutionProperties) = preSolution
		HideSolutionNode = FALSE
	EndGlobalSection
	GlobalSection(NestedProjects) = preSolution
		{12469714-926F-4C55-BDD5-E3016502EF34} = {95DBE3BD-313C-4229-9031-CA2431853195}
		{859C101F-36F5-46FC-A1C5-BFF8C8D31C0B} = {95DBE3BD-313C-4229-9031-CA2431853195}
		{1D9E24CD-BAB9-405D-8DBD-A9F301E1C4A4} = {95DBE3BD-313C-4229-9031-CA2431853195}
		{894A7398-7081-493F-BC66-CCFEE0941D5D} = {95DBE3BD-313C-4229-9031-CA2431853195}
		{4B9DF005-D94E-4015-99F4-71D9A33C2584} = {95DBE3BD-313C-4229-9031-CA2431853195}
		{78E807A2-7290-4982-93A6-8EFDF9F942BB} = {95DBE3BD-313C-4229-9031-CA2431853195}
	EndGlobalSection
EndGlobal
